
Microsoft Visual Studio Solution File, Format Version 11.00
# Visual Studio 2010
Project("{FAE04EC0-301F-11D3-BF4B-00C04F79EFBC}") = "Assembly-CSharp", "Assembly-CSharp.csproj", "{c2aa9e4b-f064-f894-b498-b0cc0ec05377}"
EndProject
Project("{FAE04EC0-301F-11D3-BF4B-00C04F79EFBC}") = "NavMeshComponents", "NavMeshComponents.csproj", "{aec965f7-24e2-a053-cf24-4d90176640b0}"
EndProject
Project("{FAE04EC0-301F-11D3-BF4B-00C04F79EFBC}") = "NavMeshComponentsEditor", "NavMeshComponentsEditor.csproj", "{483aeebf-d3cb-c279-4acf-005667386780}"
EndProject
Global
	GlobalSection(SolutionConfigurationPlatforms) = preSolution
		Debug|Any CPU = Debug|Any CPU
	EndGlobalSection
	GlobalSection(ProjectConfigurationPlatforms) = postSolution
		{c2aa9e4b-f064-f894-b498-b0cc0ec05377}.Debug|Any CPU.ActiveCfg = Debug|Any CPU
		{c2aa9e4b-f064-f894-b498-b0cc0ec05377}.Debug|Any CPU.Build.0 = Debug|Any CPU
		{aec965f7-24e2-a053-cf24-4d90176640b0}.Debug|Any CPU.ActiveCfg = Debug|Any CPU
		{aec965f7-24e2-a053-cf24-4d90176640b0}.Debug|Any CPU.Build.0 = Debug|Any CPU
		{483aeebf-d3cb-c279-4acf-005667386780}.Debug|Any CPU.ActiveCfg = Debug|Any CPU
		{483aeebf-d3cb-c279-4acf-005667386780}.Debug|Any CPU.Build.0 = Debug|Any CPU
	EndGlobalSection
	GlobalSection(SolutionProperties) = preSolution
		HideSolutionNode = FALSE
	EndGlobalSection
EndGlobal
